// !$*UTF8*$!
{
	archiveVersion = 1;
	classes = {
	};
	objectVersion = 56;
	objects = {

/* Begin PBXBuildFile section */
		A3059E95293EF74E00C874F9 /* pragma_catsApp.swift in Sources */ = {isa = PBXBuildFile; fileRef = A3059E94293EF74E00C874F9 /* pragma_catsApp.swift */; };
		A3059E99293EF74F00C874F9 /* Assets.xcassets in Resources */ = {isa = PBXBuildFile; fileRef = A3059E98293EF74F00C874F9 /* Assets.xcassets */; };
		A3059E9C293EF74F00C874F9 /* Preview Assets.xcassets in Resources */ = {isa = PBXBuildFile; fileRef = A3059E9B293EF74F00C874F9 /* Preview Assets.xcassets */; };
		A3059EA6293EFC0200C874F9 /* Cat.swift in Sources */ = {isa = PBXBuildFile; fileRef = A3059EA5293EFC0200C874F9 /* Cat.swift */; };
		A3059EA9293EFC3000C874F9 /* CatBreedResponse.swift in Sources */ = {isa = PBXBuildFile; fileRef = A3059EA8293EFC3000C874F9 /* CatBreedResponse.swift */; };
		A3059EAB293EFC5400C874F9 /* CatsRepository.swift in Sources */ = {isa = PBXBuildFile; fileRef = A3059EAA293EFC5400C874F9 /* CatsRepository.swift */; };
		A3059EAE293EFD0700C874F9 /* ResponseStatus.swift in Sources */ = {isa = PBXBuildFile; fileRef = A3059EAD293EFD0700C874F9 /* ResponseStatus.swift */; };
		A3059EB1293EFD2D00C874F9 /* Response.swift in Sources */ = {isa = PBXBuildFile; fileRef = A3059EB0293EFD2D00C874F9 /* Response.swift */; };
		A3059EB4293EFDA200C874F9 /* Strings.swift in Sources */ = {isa = PBXBuildFile; fileRef = A3059EB3293EFDA200C874F9 /* Strings.swift */; };
		A3059EB7293EFE6200C874F9 /* CatsRepositoryImpl.swift in Sources */ = {isa = PBXBuildFile; fileRef = A3059EB6293EFE6200C874F9 /* CatsRepositoryImpl.swift */; };
		A3059EB9293EFEB200C874F9 /* Repository.swift in Sources */ = {isa = PBXBuildFile; fileRef = A3059EB8293EFEB200C874F9 /* Repository.swift */; };
		A3059EBC293F006500C874F9 /* CatsAPI.swift in Sources */ = {isa = PBXBuildFile; fileRef = A3059EBB293F006500C874F9 /* CatsAPI.swift */; };
		A3059EC1293F034700C874F9 /* CatBreedsResponseMapper.swift in Sources */ = {isa = PBXBuildFile; fileRef = A3059EC0293F034700C874F9 /* CatBreedsResponseMapper.swift */; };
		A3059EC5293F0A3300C874F9 /* CatsViewModel.swift in Sources */ = {isa = PBXBuildFile; fileRef = A3059EC4293F0A3300C874F9 /* CatsViewModel.swift */; };
		A3059ECD293F0E1A00C874F9 /* CatsView.swift in Sources */ = {isa = PBXBuildFile; fileRef = A3059ECC293F0E1A00C874F9 /* CatsView.swift */; };
		A3059ED0293F0F1300C874F9 /* CatsRepositoryFactory.swift in Sources */ = {isa = PBXBuildFile; fileRef = A3059ECF293F0F1300C874F9 /* CatsRepositoryFactory.swift */; };
		A3059ED2293F0F4600C874F9 /* AppDataSourceType.swift in Sources */ = {isa = PBXBuildFile; fileRef = A3059ED1293F0F4600C874F9 /* AppDataSourceType.swift */; };
		A3059ED5293F0FC000C874F9 /* AppSettings.swift in Sources */ = {isa = PBXBuildFile; fileRef = A3059ED4293F0FC000C874F9 /* AppSettings.swift */; };
		A3059ED7293F117C00C874F9 /* CatCard.swift in Sources */ = {isa = PBXBuildFile; fileRef = A3059ED6293F117C00C874F9 /* CatCard.swift */; };
		A3059EDC293F151C00C874F9 /* Images.swift in Sources */ = {isa = PBXBuildFile; fileRef = A3059EDB293F151C00C874F9 /* Images.swift */; };
		A34AD2CA293F197C000573E7 /* ViewModel.swift in Sources */ = {isa = PBXBuildFile; fileRef = A34AD2C9293F197C000573E7 /* ViewModel.swift */; };
		E8BAD93479DB324893AD227C /* Pods_pragma_cats.framework in Frameworks */ = {isa = PBXBuildFile; fileRef = 50193B08F15FBC488BAD784C /* Pods_pragma_cats.framework */; };
/* End PBXBuildFile section */

/* Begin PBXFileReference section */
		50193B08F15FBC488BAD784C /* Pods_pragma_cats.framework */ = {isa = PBXFileReference; explicitFileType = wrapper.framework; includeInIndex = 0; path = Pods_pragma_cats.framework; sourceTree = BUILT_PRODUCTS_DIR; };
		6231ADA20C6BC8C0C3F13945 /* Pods-pragma-cats.debug.xcconfig */ = {isa = PBXFileReference; includeInIndex = 1; lastKnownFileType = text.xcconfig; name = "Pods-pragma-cats.debug.xcconfig"; path = "Target Support Files/Pods-pragma-cats/Pods-pragma-cats.debug.xcconfig"; sourceTree = "<group>"; };
		A3059E91293EF74E00C874F9 /* pragma-cats.app */ = {isa = PBXFileReference; explicitFileType = wrapper.application; includeInIndex = 0; path = "pragma-cats.app"; sourceTree = BUILT_PRODUCTS_DIR; };
		A3059E94293EF74E00C874F9 /* pragma_catsApp.swift */ = {isa = PBXFileReference; lastKnownFileType = sourcecode.swift; path = pragma_catsApp.swift; sourceTree = "<group>"; };
		A3059E98293EF74F00C874F9 /* Assets.xcassets */ = {isa = PBXFileReference; lastKnownFileType = folder.assetcatalog; path = Assets.xcassets; sourceTree = "<group>"; };
		A3059E9B293EF74F00C874F9 /* Preview Assets.xcassets */ = {isa = PBXFileReference; lastKnownFileType = folder.assetcatalog; path = "Preview Assets.xcassets"; sourceTree = "<group>"; };
		A3059EA5293EFC0200C874F9 /* Cat.swift */ = {isa = PBXFileReference; lastKnownFileType = sourcecode.swift; path = Cat.swift; sourceTree = "<group>"; };
		A3059EA8293EFC3000C874F9 /* CatBreedResponse.swift */ = {isa = PBXFileReference; lastKnownFileType = sourcecode.swift; path = CatBreedResponse.swift; sourceTree = "<group>"; };
		A3059EAA293EFC5400C874F9 /* CatsRepository.swift */ = {isa = PBXFileReference; lastKnownFileType = sourcecode.swift; path = CatsRepository.swift; sourceTree = "<group>"; };
		A3059EAD293EFD0700C874F9 /* ResponseStatus.swift */ = {isa = PBXFileReference; lastKnownFileType = sourcecode.swift; path = ResponseStatus.swift; sourceTree = "<group>"; };
		A3059EB0293EFD2D00C874F9 /* Response.swift */ = {isa = PBXFileReference; lastKnownFileType = sourcecode.swift; path = Response.swift; sourceTree = "<group>"; };
		A3059EB3293EFDA200C874F9 /* Strings.swift */ = {isa = PBXFileReference; lastKnownFileType = sourcecode.swift; path = Strings.swift; sourceTree = "<group>"; };
		A3059EB6293EFE6200C874F9 /* CatsRepositoryImpl.swift */ = {isa = PBXFileReference; lastKnownFileType = sourcecode.swift; path = CatsRepositoryImpl.swift; sourceTree = "<group>"; };
		A3059EB8293EFEB200C874F9 /* Repository.swift */ = {isa = PBXFileReference; lastKnownFileType = sourcecode.swift; path = Repository.swift; sourceTree = "<group>"; };
		A3059EBB293F006500C874F9 /* CatsAPI.swift */ = {isa = PBXFileReference; lastKnownFileType = sourcecode.swift; path = CatsAPI.swift; sourceTree = "<group>"; };
		A3059EC0293F034700C874F9 /* CatBreedsResponseMapper.swift */ = {isa = PBXFileReference; lastKnownFileType = sourcecode.swift; path = CatBreedsResponseMapper.swift; sourceTree = "<group>"; };
		A3059EC4293F0A3300C874F9 /* CatsViewModel.swift */ = {isa = PBXFileReference; lastKnownFileType = sourcecode.swift; path = CatsViewModel.swift; sourceTree = "<group>"; };
		A3059ECC293F0E1A00C874F9 /* CatsView.swift */ = {isa = PBXFileReference; lastKnownFileType = sourcecode.swift; path = CatsView.swift; sourceTree = "<group>"; };
		A3059ECF293F0F1300C874F9 /* CatsRepositoryFactory.swift */ = {isa = PBXFileReference; lastKnownFileType = sourcecode.swift; path = CatsRepositoryFactory.swift; sourceTree = "<group>"; };
		A3059ED1293F0F4600C874F9 /* AppDataSourceType.swift */ = {isa = PBXFileReference; lastKnownFileType = sourcecode.swift; path = AppDataSourceType.swift; sourceTree = "<group>"; };
		A3059ED4293F0FC000C874F9 /* AppSettings.swift */ = {isa = PBXFileReference; lastKnownFileType = sourcecode.swift; path = AppSettings.swift; sourceTree = "<group>"; };
		A3059ED6293F117C00C874F9 /* CatCard.swift */ = {isa = PBXFileReference; lastKnownFileType = sourcecode.swift; path = CatCard.swift; sourceTree = "<group>"; };
		A3059EDB293F151C00C874F9 /* Images.swift */ = {isa = PBXFileReference; lastKnownFileType = sourcecode.swift; path = Images.swift; sourceTree = "<group>"; };
		A34AD2C9293F197C000573E7 /* ViewModel.swift */ = {isa = PBXFileReference; lastKnownFileType = sourcecode.swift; path = ViewModel.swift; sourceTree = "<group>"; };
		EC8855AADFDBBBF945C364C9 /* Pods-pragma-cats.release.xcconfig */ = {isa = PBXFileReference; includeInIndex = 1; lastKnownFileType = text.xcconfig; name = "Pods-pragma-cats.release.xcconfig"; path = "Target Support Files/Pods-pragma-cats/Pods-pragma-cats.release.xcconfig"; sourceTree = "<group>"; };
/* End PBXFileReference section */

/* Begin PBXFrameworksBuildPhase section */
		A3059E8E293EF74E00C874F9 /* Frameworks */ = {
			isa = PBXFrameworksBuildPhase;
			buildActionMask = 2147483647;
			files = (
				E8BAD93479DB324893AD227C /* Pods_pragma_cats.framework in Frameworks */,
			);
			runOnlyForDeploymentPostprocessing = 0;
		};
/* End PBXFrameworksBuildPhase section */

/* Begin PBXGroup section */
		3AC93B67D3BD21C6737C012C /* Frameworks */ = {
			isa = PBXGroup;
			children = (
				50193B08F15FBC488BAD784C /* Pods_pragma_cats.framework */,
			);
			name = Frameworks;
			sourceTree = "<group>";
		};
		A3059E88293EF74E00C874F9 = {
			isa = PBXGroup;
			children = (
				A3059E93293EF74E00C874F9 /* pragma-cats */,
				A3059E92293EF74E00C874F9 /* Products */,
				EC40B141468F1F058A857182 /* Pods */,
				3AC93B67D3BD21C6737C012C /* Frameworks */,
			);
			sourceTree = "<group>";
		};
		A3059E92293EF74E00C874F9 /* Products */ = {
			isa = PBXGroup;
			children = (
				A3059E91293EF74E00C874F9 /* pragma-cats.app */,
			);
			name = Products;
			sourceTree = "<group>";
		};
		A3059E93293EF74E00C874F9 /* pragma-cats */ = {
			isa = PBXGroup;
			children = (
				A3059EA2293EFBB100C874F9 /* app */,
				A3059E94293EF74E00C874F9 /* pragma_catsApp.swift */,
				A3059E98293EF74F00C874F9 /* Assets.xcassets */,
				A3059E9A293EF74F00C874F9 /* Preview Content */,
			);
			path = "pragma-cats";
			sourceTree = "<group>";
		};
		A3059E9A293EF74F00C874F9 /* Preview Content */ = {
			isa = PBXGroup;
			children = (
				A3059E9B293EF74F00C874F9 /* Preview Assets.xcassets */,
			);
			path = "Preview Content";
			sourceTree = "<group>";
		};
		A3059EA2293EFBB100C874F9 /* app */ = {
			isa = PBXGroup;
			children = (
				A3059ED3293F0FA800C874F9 /* config */,
				A3059EB2293EFD9500C874F9 /* resources */,
				A3059EA4293EFBBF00C874F9 /* repository */,
				A3059EA3293EFBB600C874F9 /* models */,
				A3059EC3293F0A1700C874F9 /* viewModel */,
				A3059EC2293F0A1100C874F9 /* view */,
			);
			path = app;
			sourceTree = "<group>";
		};
		A3059EA3293EFBB600C874F9 /* models */ = {
			isa = PBXGroup;
			children = (
				A3059EAC293EFCFA00C874F9 /* enums */,
				A3059EA7293EFC0700C874F9 /* response */,
				A3059EBF293F033400C874F9 /* utils */,
				A3059EA5293EFC0200C874F9 /* Cat.swift */,
			);
			path = models;
			sourceTree = "<group>";
		};
		A3059EA4293EFBBF00C874F9 /* repository */ = {
			isa = PBXGroup;
			children = (
				A3059ECE293F0F0000C874F9 /* utils */,
				A3059EB5293EFE4D00C874F9 /* implementations */,
				A3059EAA293EFC5400C874F9 /* CatsRepository.swift */,
				A3059EB8293EFEB200C874F9 /* Repository.swift */,
			);
			path = repository;
			sourceTree = "<group>";
		};
		A3059EA7293EFC0700C874F9 /* response */ = {
			isa = PBXGroup;
			children = (
				A3059EB0293EFD2D00C874F9 /* Response.swift */,
				A3059EA8293EFC3000C874F9 /* CatBreedResponse.swift */,
			);
			path = response;
			sourceTree = "<group>";
		};
		A3059EAC293EFCFA00C874F9 /* enums */ = {
			isa = PBXGroup;
			children = (
				A3059EAD293EFD0700C874F9 /* ResponseStatus.swift */,
			);
			path = enums;
			sourceTree = "<group>";
		};
		A3059EB2293EFD9500C874F9 /* resources */ = {
			isa = PBXGroup;
			children = (
				A3059EB3293EFDA200C874F9 /* Strings.swift */,
				A3059EDB293F151C00C874F9 /* Images.swift */,
				A3059EBB293F006500C874F9 /* CatsAPI.swift */,
			);
			path = resources;
			sourceTree = "<group>";
		};
		A3059EB5293EFE4D00C874F9 /* implementations */ = {
			isa = PBXGroup;
			children = (
				A3059EB6293EFE6200C874F9 /* CatsRepositoryImpl.swift */,
			);
			path = implementations;
			sourceTree = "<group>";
		};
		A3059EBF293F033400C874F9 /* utils */ = {
			isa = PBXGroup;
			children = (
				A3059EC0293F034700C874F9 /* CatBreedsResponseMapper.swift */,
			);
			path = utils;
			sourceTree = "<group>";
		};
		A3059EC2293F0A1100C874F9 /* view */ = {
			isa = PBXGroup;
			children = (
				A3059ECC293F0E1A00C874F9 /* CatsView.swift */,
				A3059ECB293F0DFE00C874F9 /* components */,
			);
			path = view;
			sourceTree = "<group>";
		};
		A3059EC3293F0A1700C874F9 /* viewModel */ = {
			isa = PBXGroup;
			children = (
				A34AD2C9293F197C000573E7 /* ViewModel.swift */,
				A3059EC4293F0A3300C874F9 /* CatsViewModel.swift */,
			);
			path = viewModel;
			sourceTree = "<group>";
		};
		A3059ECB293F0DFE00C874F9 /* components */ = {
			isa = PBXGroup;
			children = (
				A3059ED6293F117C00C874F9 /* CatCard.swift */,
			);
			path = components;
			sourceTree = "<group>";
		};
		A3059ECE293F0F0000C874F9 /* utils */ = {
			isa = PBXGroup;
			children = (
				A3059ECF293F0F1300C874F9 /* CatsRepositoryFactory.swift */,
				A3059ED1293F0F4600C874F9 /* AppDataSourceType.swift */,
			);
			path = utils;
			sourceTree = "<group>";
		};
		A3059ED3293F0FA800C874F9 /* config */ = {
			isa = PBXGroup;
			children = (
				A3059ED4293F0FC000C874F9 /* AppSettings.swift */,
			);
			path = config;
			sourceTree = "<group>";
		};
		EC40B141468F1F058A857182 /* Pods */ = {
			isa = PBXGroup;
			children = (
				6231ADA20C6BC8C0C3F13945 /* Pods-pragma-cats.debug.xcconfig */,
				EC8855AADFDBBBF945C364C9 /* Pods-pragma-cats.release.xcconfig */,
			);
			path = Pods;
			sourceTree = "<group>";
		};
/* End PBXGroup section */

/* Begin PBXNativeTarget section */
		A3059E90293EF74E00C874F9 /* pragma-cats */ = {
			isa = PBXNativeTarget;
			buildConfigurationList = A3059E9F293EF74F00C874F9 /* Build configuration list for PBXNativeTarget "pragma-cats" */;
			buildPhases = (
				A426338ADA3329048028DD62 /* [CP] Check Pods Manifest.lock */,
				A3059E8D293EF74E00C874F9 /* Sources */,
				A3059E8E293EF74E00C874F9 /* Frameworks */,
				A3059E8F293EF74E00C874F9 /* Resources */,
				2C3B0559B2C769F82CF2BDA7 /* [CP] Embed Pods Frameworks */,
			);
			buildRules = (
			);
			dependencies = (
			);
			name = "pragma-cats";
			productName = "pragma-cats";
			productReference = A3059E91293EF74E00C874F9 /* pragma-cats.app */;
			productType = "com.apple.product-type.application";
		};
/* End PBXNativeTarget section */

/* Begin PBXProject section */
		A3059E89293EF74E00C874F9 /* Project object */ = {
			isa = PBXProject;
			attributes = {
				BuildIndependentTargetsInParallel = 1;
				LastSwiftUpdateCheck = 1410;
				LastUpgradeCheck = 1410;
				TargetAttributes = {
					A3059E90293EF74E00C874F9 = {
						CreatedOnToolsVersion = 14.1;
					};
				};
			};
			buildConfigurationList = A3059E8C293EF74E00C874F9 /* Build configuration list for PBXProject "pragma-cats" */;
			compatibilityVersion = "Xcode 14.0";
			developmentRegion = en;
			hasScannedForEncodings = 0;
			knownRegions = (
				en,
				Base,
			);
			mainGroup = A3059E88293EF74E00C874F9;
			productRefGroup = A3059E92293EF74E00C874F9 /* Products */;
			projectDirPath = "";
			projectRoot = "";
			targets = (
				A3059E90293EF74E00C874F9 /* pragma-cats */,
			);
		};
/* End PBXProject section */

/* Begin PBXResourcesBuildPhase section */
		A3059E8F293EF74E00C874F9 /* Resources */ = {
			isa = PBXResourcesBuildPhase;
			buildActionMask = 2147483647;
			files = (
				A3059E9C293EF74F00C874F9 /* Preview Assets.xcassets in Resources */,
				A3059E99293EF74F00C874F9 /* Assets.xcassets in Resources */,
			);
			runOnlyForDeploymentPostprocessing = 0;
		};
/* End PBXResourcesBuildPhase section */

/* Begin PBXShellScriptBuildPhase section */
		2C3B0559B2C769F82CF2BDA7 /* [CP] Embed Pods Frameworks */ = {
			isa = PBXShellScriptBuildPhase;
			buildActionMask = 2147483647;
			files = (
			);
			inputFileListPaths = (
				"${PODS_ROOT}/Target Support Files/Pods-pragma-cats/Pods-pragma-cats-frameworks-${CONFIGURATION}-input-files.xcfilelist",
			);
			name = "[CP] Embed Pods Frameworks";
			outputFileListPaths = (
				"${PODS_ROOT}/Target Support Files/Pods-pragma-cats/Pods-pragma-cats-frameworks-${CONFIGURATION}-output-files.xcfilelist",
			);
			runOnlyForDeploymentPostprocessing = 0;
			shellPath = /bin/sh;
			shellScript = "\"${PODS_ROOT}/Target Support Files/Pods-pragma-cats/Pods-pragma-cats-frameworks.sh\"\n";
			showEnvVarsInLog = 0;
		};
		A426338ADA3329048028DD62 /* [CP] Check Pods Manifest.lock */ = {
			isa = PBXShellScriptBuildPhase;
			buildActionMask = 2147483647;
			files = (
			);
			inputFileListPaths = (
			);
			inputPaths = (
				"${PODS_PODFILE_DIR_PATH}/Podfile.lock",
				"${PODS_ROOT}/Manifest.lock",
			);
			name = "[CP] Check Pods Manifest.lock";
			outputFileListPaths = (
			);
			outputPaths = (
				"$(DERIVED_FILE_DIR)/Pods-pragma-cats-checkManifestLockResult.txt",
			);
			runOnlyForDeploymentPostprocessing = 0;
			shellPath = /bin/sh;
			shellScript = "diff \"${PODS_PODFILE_DIR_PATH}/Podfile.lock\" \"${PODS_ROOT}/Manifest.lock\" > /dev/null\nif [ $? != 0 ] ; then\n    # print error to STDERR\n    echo \"error: The sandbox is not in sync with the Podfile.lock. Run 'pod install' or update your CocoaPods installation.\" >&2\n    exit 1\nfi\n# This output is used by Xcode 'outputs' to avoid re-running this script phase.\necho \"SUCCESS\" > \"${SCRIPT_OUTPUT_FILE_0}\"\n";
			showEnvVarsInLog = 0;
		};
/* End PBXShellScriptBuildPhase section */

/* Begin PBXSourcesBuildPhase section */
		A3059E8D293EF74E00C874F9 /* Sources */ = {
			isa = PBXSourcesBuildPhase;
			buildActionMask = 2147483647;
			files = (
				A3059ED7293F117C00C874F9 /* CatCard.swift in Sources */,
				A3059EAE293EFD0700C874F9 /* ResponseStatus.swift in Sources */,
				A3059EC5293F0A3300C874F9 /* CatsViewModel.swift in Sources */,
				A3059ECD293F0E1A00C874F9 /* CatsView.swift in Sources */,
				A3059EB7293EFE6200C874F9 /* CatsRepositoryImpl.swift in Sources */,
				A3059EB4293EFDA200C874F9 /* Strings.swift in Sources */,
				A3059E95293EF74E00C874F9 /* pragma_catsApp.swift in Sources */,
				A3059EA9293EFC3000C874F9 /* CatBreedResponse.swift in Sources */,
				A3059ED2293F0F4600C874F9 /* AppDataSourceType.swift in Sources */,
				A34AD2CA293F197C000573E7 /* ViewModel.swift in Sources */,
				A3059EAB293EFC5400C874F9 /* CatsRepository.swift in Sources */,
				A3059EDC293F151C00C874F9 /* Images.swift in Sources */,
				A3059EB9293EFEB200C874F9 /* Repository.swift in Sources */,
				A3059ED0293F0F1300C874F9 /* CatsRepositoryFactory.swift in Sources */,
				A3059EA6293EFC0200C874F9 /* Cat.swift in Sources */,
				A3059EC1293F034700C874F9 /* CatBreedsResponseMapper.swift in Sources */,
				A3059EB1293EFD2D00C874F9 /* Response.swift in Sources */,
				A3059ED5293F0FC000C874F9 /* AppSettings.swift in Sources */,
				A3059EBC293F006500C874F9 /* CatsAPI.swift in Sources */,
			);
			runOnlyForDeploymentPostprocessing = 0;
		};
/* End PBXSourcesBuildPhase section */

/* Begin XCBuildConfiguration section */
		A3059E9D293EF74F00C874F9 /* Debug */ = {
			isa = XCBuildConfiguration;
			buildSettings = {
				ALWAYS_SEARCH_USER_PATHS = NO;
				CLANG_ANALYZER_NONNULL = YES;
				CLANG_ANALYZER_NUMBER_OBJECT_CONVERSION = YES_AGGRESSIVE;
				CLANG_CXX_LANGUAGE_STANDARD = "gnu++20";
				CLANG_ENABLE_MODULES = YES;
				CLANG_ENABLE_OBJC_ARC = YES;
				CLANG_ENABLE_OBJC_WEAK = YES;
				CLANG_WARN_BLOCK_CAPTURE_AUTORELEASING = YES;
				CLANG_WARN_BOOL_CONVERSION = YES;
				CLANG_WARN_COMMA = YES;
				CLANG_WARN_CONSTANT_CONVERSION = YES;
				CLANG_WARN_DEPRECATED_OBJC_IMPLEMENTATIONS = YES;
				CLANG_WARN_DIRECT_OBJC_ISA_USAGE = YES_ERROR;
				CLANG_WARN_DOCUMENTATION_COMMENTS = YES;
				CLANG_WARN_EMPTY_BODY = YES;
				CLANG_WARN_ENUM_CONVERSION = YES;
				CLANG_WARN_INFINITE_RECURSION = YES;
				CLANG_WARN_INT_CONVERSION = YES;
				CLANG_WARN_NON_LITERAL_NULL_CONVERSION = YES;
				CLANG_WARN_OBJC_IMPLICIT_RETAIN_SELF = YES;
				CLANG_WARN_OBJC_LITERAL_CONVERSION = YES;
				CLANG_WARN_OBJC_ROOT_CLASS = YES_ERROR;
				CLANG_WARN_QUOTED_INCLUDE_IN_FRAMEWORK_HEADER = YES;
				CLANG_WARN_RANGE_LOOP_ANALYSIS = YES;
				CLANG_WARN_STRICT_PROTOTYPES = YES;
				CLANG_WARN_SUSPICIOUS_MOVE = YES;
				CLANG_WARN_UNGUARDED_AVAILABILITY = YES_AGGRESSIVE;
				CLANG_WARN_UNREACHABLE_CODE = YES;
				CLANG_WARN__DUPLICATE_METHOD_MATCH = YES;
				COPY_PHASE_STRIP = NO;
				DEBUG_INFORMATION_FORMAT = dwarf;
				ENABLE_STRICT_OBJC_MSGSEND = YES;
				ENABLE_TESTABILITY = YES;
				GCC_C_LANGUAGE_STANDARD = gnu11;
				GCC_DYNAMIC_NO_PIC = NO;
				GCC_NO_COMMON_BLOCKS = YES;
				GCC_OPTIMIZATION_LEVEL = 0;
				GCC_PREPROCESSOR_DEFINITIONS = (
					"DEBUG=1",
					"$(inherited)",
				);
				GCC_WARN_64_TO_32_BIT_CONVERSION = YES;
				GCC_WARN_ABOUT_RETURN_TYPE = YES_ERROR;
				GCC_WARN_UNDECLARED_SELECTOR = YES;
				GCC_WARN_UNINITIALIZED_AUTOS = YES_AGGRESSIVE;
				GCC_WARN_UNUSED_FUNCTION = YES;
				GCC_WARN_UNUSED_VARIABLE = YES;
				IPHONEOS_DEPLOYMENT_TARGET = 16.1;
				MTL_ENABLE_DEBUG_INFO = INCLUDE_SOURCE;
				MTL_FAST_MATH = YES;
				ONLY_ACTIVE_ARCH = YES;
				SDKROOT = iphoneos;
				SWIFT_ACTIVE_COMPILATION_CONDITIONS = DEBUG;
				SWIFT_OPTIMIZATION_LEVEL = "-Onone";
			};
			name = Debug;
		};
		A3059E9E293EF74F00C874F9 /* Release */ = {
			isa = XCBuildConfiguration;
			buildSettings = {
				ALWAYS_SEARCH_USER_PATHS = NO;
				CLANG_ANALYZER_NONNULL = YES;
				CLANG_ANALYZER_NUMBER_OBJECT_CONVERSION = YES_AGGRESSIVE;
				CLANG_CXX_LANGUAGE_STANDARD = "gnu++20";
				CLANG_ENABLE_MODULES = YES;
				CLANG_ENABLE_OBJC_ARC = YES;
				CLANG_ENABLE_OBJC_WEAK = YES;
				CLANG_WARN_BLOCK_CAPTURE_AUTORELEASING = YES;
				CLANG_WARN_BOOL_CONVERSION = YES;
				CLANG_WARN_COMMA = YES;
				CLANG_WARN_CONSTANT_CONVERSION = YES;
				CLANG_WARN_DEPRECATED_OBJC_IMPLEMENTATIONS = YES;
				CLANG_WARN_DIRECT_OBJC_ISA_USAGE = YES_ERROR;
				CLANG_WARN_DOCUMENTATION_COMMENTS = YES;
				CLANG_WARN_EMPTY_BODY = YES;
				CLANG_WARN_ENUM_CONVERSION = YES;
				CLANG_WARN_INFINITE_RECURSION = YES;
				CLANG_WARN_INT_CONVERSION = YES;
				CLANG_WARN_NON_LITERAL_NULL_CONVERSION = YES;
				CLANG_WARN_OBJC_IMPLICIT_RETAIN_SELF = YES;
				CLANG_WARN_OBJC_LITERAL_CONVERSION = YES;
				CLANG_WARN_OBJC_ROOT_CLASS = YES_ERROR;
				CLANG_WARN_QUOTED_INCLUDE_IN_FRAMEWORK_HEADER = YES;
				CLANG_WARN_RANGE_LOOP_ANALYSIS = YES;
				CLANG_WARN_STRICT_PROTOTYPES = YES;
				CLANG_WARN_SUSPICIOUS_MOVE = YES;
				CLANG_WARN_UNGUARDED_AVAILABILITY = YES_AGGRESSIVE;
				CLANG_WARN_UNREACHABLE_CODE = YES;
				CLANG_WARN__DUPLICATE_METHOD_MATCH = YES;
				COPY_PHASE_STRIP = NO;
				DEBUG_INFORMATION_FORMAT = "dwarf-with-dsym";
				ENABLE_NS_ASSERTIONS = NO;
				ENABLE_STRICT_OBJC_MSGSEND = YES;
				GCC_C_LANGUAGE_STANDARD = gnu11;
				GCC_NO_COMMON_BLOCKS = YES;
				GCC_WARN_64_TO_32_BIT_CONVERSION = YES;
				GCC_WARN_ABOUT_RETURN_TYPE = YES_ERROR;
				GCC_WARN_UNDECLARED_SELECTOR = YES;
				GCC_WARN_UNINITIALIZED_AUTOS = YES_AGGRESSIVE;
				GCC_WARN_UNUSED_FUNCTION = YES;
				GCC_WARN_UNUSED_VARIABLE = YES;
				IPHONEOS_DEPLOYMENT_TARGET = 16.1;
				MTL_ENABLE_DEBUG_INFO = NO;
				MTL_FAST_MATH = YES;
				SDKROOT = iphoneos;
				SWIFT_COMPILATION_MODE = wholemodule;
				SWIFT_OPTIMIZATION_LEVEL = "-O";
				VALIDATE_PRODUCT = YES;
			};
			name = Release;
		};
		A3059EA0293EF74F00C874F9 /* Debug */ = {
			isa = XCBuildConfiguration;
			baseConfigurationReference = 6231ADA20C6BC8C0C3F13945 /* Pods-pragma-cats.debug.xcconfig */;
			buildSettings = {
				ASSETCATALOG_COMPILER_APPICON_NAME = AppIcon;
				ASSETCATALOG_COMPILER_GLOBAL_ACCENT_COLOR_NAME = AccentColor;
				CODE_SIGN_STYLE = Automatic;
				CURRENT_PROJECT_VERSION = 1;
				DEVELOPMENT_ASSET_PATHS = "\"pragma-cats/Preview Content\"";
				ENABLE_PREVIEWS = YES;
				GENERATE_INFOPLIST_FILE = YES;
				INFOPLIST_KEY_UIApplicationSceneManifest_Generation = YES;
				INFOPLIST_KEY_UIApplicationSupportsIndirectInputEvents = YES;
				INFOPLIST_KEY_UILaunchScreen_Generation = YES;
				INFOPLIST_KEY_UIRequiresFullScreen = YES;
				INFOPLIST_KEY_UISupportedInterfaceOrientations = "UIInterfaceOrientationLandscapeLeft UIInterfaceOrientationLandscapeRight UIInterfaceOrientationPortrait";
				INFOPLIST_KEY_UISupportedInterfaceOrientations_iPad = "UIInterfaceOrientationPortrait UIInterfaceOrientationPortraitUpsideDown";
				IPHONEOS_DEPLOYMENT_TARGET = 14.0;
				LD_RUNPATH_SEARCH_PATHS = (
					"$(inherited)",
					"@executable_path/Frameworks",
				);
				MARKETING_VERSION = 1.0.0;
				PRODUCT_BUNDLE_IDENTIFIER = "com.andres.duque.app.pragma-cats";
				PRODUCT_NAME = "$(TARGET_NAME)";
				SWIFT_EMIT_LOC_STRINGS = YES;
				SWIFT_VERSION = 5.0;
				TARGETED_DEVICE_FAMILY = "1,2";
			};
			name = Debug;
		};
		A3059EA1293EF74F00C874F9 /* Release */ = {
			isa = XCBuildConfiguration;
			baseConfigurationReference = EC8855AADFDBBBF945C364C9 /* Pods-pragma-cats.release.xcconfig */;
			buildSettings = {
				ASSETCATALOG_COMPILER_APPICON_NAME = AppIcon;
				ASSETCATALOG_COMPILER_GLOBAL_ACCENT_COLOR_NAME = AccentColor;
				CODE_SIGN_STYLE = Automatic;
				CURRENT_PROJECT_VERSION = 1;
				DEVELOPMENT_ASSET_PATHS = "\"pragma-cats/Preview Content\"";
				ENABLE_PREVIEWS = YES;
				GENERATE_INFOPLIST_FILE = YES;
				INFOPLIST_KEY_UIApplicationSceneManifest_Generation = YES;
				INFOPLIST_KEY_UIApplicationSupportsIndirectInputEvents = YES;
				INFOPLIST_KEY_UILaunchScreen_Generation = YES;
				INFOPLIST_KEY_UIRequiresFullScreen = YES;
				INFOPLIST_KEY_UISupportedInterfaceOrientations = "UIInterfaceOrientationLandscapeLeft UIInterfaceOrientationLandscapeRight UIInterfaceOrientationPortrait";
				INFOPLIST_KEY_UISupportedInterfaceOrientations_iPad = "UIInterfaceOrientationPortrait UIInterfaceOrientationPortraitUpsideDown";
				IPHONEOS_DEPLOYMENT_TARGET = 14.0;
				LD_RUNPATH_SEARCH_PATHS = (
					"$(inherited)",
					"@executable_path/Frameworks",
				);
				MARKETING_VERSION = 1.0.0;
				PRODUCT_BUNDLE_IDENTIFIER = "com.andres.duque.app.pragma-cats";
				PRODUCT_NAME = "$(TARGET_NAME)";
				SWIFT_EMIT_LOC_STRINGS = YES;
				SWIFT_VERSION = 5.0;
				TARGETED_DEVICE_FAMILY = "1,2";
			};
			name = Release;
		};
/* End XCBuildConfiguration section */

/* Begin XCConfigurationList section */
		A3059E8C293EF74E00C874F9 /* Build configuration list for PBXProject "pragma-cats" */ = {
			isa = XCConfigurationList;
			buildConfigurations = (
				A3059E9D293EF74F00C874F9 /* Debug */,
				A3059E9E293EF74F00C874F9 /* Release */,
			);
			defaultConfigurationIsVisible = 0;
			defaultConfigurationName = Release;
		};
		A3059E9F293EF74F00C874F9 /* Build configuration list for PBXNativeTarget "pragma-cats" */ = {
			isa = XCConfigurationList;
			buildConfigurations = (
				A3059EA0293EF74F00C874F9 /* Debug */,
				A3059EA1293EF74F00C874F9 /* Release */,
			);
			defaultConfigurationIsVisible = 0;
			defaultConfigurationName = Release;
		};
/* End XCConfigurationList section */
	};
	rootObject = A3059E89293EF74E00C874F9 /* Project object */;
}
